# THIS IS AN AUTOGENERATED FILE. DO NOT EDIT THIS FILE DIRECTLY.
# yarn lockfile v1


"@types/amqp@^0.2.4":
  version "0.2.4"
  resolved "https://registry.yarnpkg.com/@types/amqp/-/amqp-0.2.4.tgz#6507b111c64caed21451c73b2a344f77b3e8d7e2"
  integrity sha512-6EG+diZKMU/NaHZ+FA35zb/Cj9F3uevPap11LHVNFscJtTxttTHkstmQ4FIx7wmxLqQWUV3lcEFWfGpndHW0rQ==
  dependencies:
    "@types/events" "*"
    "@types/node" "*"

"@types/events@*":
  version "3.0.0"
  resolved "https://registry.yarnpkg.com/@types/events/-/events-3.0.0.tgz#2862f3f58a9a7f7c3e78d79f130dd4d71c25c2a7"
  integrity sha512-EaObqwIvayI5a8dCzhFrjKzVwKLxjoG9T6Ppd5CEo07LRKfQ8Yokw54r5+Wq7FaBQ+yXRvQAYPrHwya1/UFt9g==

"@types/node@*":
  version "15.12.4"
  resolved "https://registry.yarnpkg.com/@types/node/-/node-15.12.4.tgz#e1cf817d70a1e118e81922c4ff6683ce9d422e26"
  integrity sha512-zrNj1+yqYF4WskCMOHwN+w9iuD12+dGm0rQ35HLl9/Ouuq52cEtd0CH9qMgrdNmi5ejC1/V7vKEXYubB+65DkA==
